
Microsoft Visual Studio Solution File, Format Version 12.00
# Visual Studio 2013
VisualStudioVersion = 12.0.21005.1
MinimumVisualStudioVersion = 10.0.40219.1
Project("{FAE04EC0-301F-11D3-BF4B-00C04F79EFBC}") = "prjGeo.Web", "prjGeo.Web\prjGeo.Web.csproj", "{A42F8269-B63A-4835-88B2-A73DE2FBA777}"
EndProject
Project("{2150E333-8FDC-42A3-9474-1A3956D46DE8}") = "prjGeo.BLL", "prjGeo.BLL", "{D1BD46F3-B1D3-416C-8C15-5E249A84C124}"
EndProject
Project("{2150E333-8FDC-42A3-9474-1A3956D46DE8}") = "prjGeo.DAL", "prjGeo.DAL", "{7C65FE6B-D76B-48F8-AECA-753A59EB9249}"
EndProject
Project("{2150E333-8FDC-42A3-9474-1A3956D46DE8}") = "prjGeo.Models", "prjGeo.Models", "{4048661E-8D91-4423-8574-1A4245A1034E}"
EndProject
Project("{2150E333-8FDC-42A3-9474-1A3956D46DE8}") = "prjGeo.Commons", "prjGeo.Commons", "{A2475851-7281-49A3-A3B5-942764F05DE4}"
EndProject
Project("{FAE04EC0-301F-11D3-BF4B-00C04F79EFBC}") = "prjGeo.Commons", "prjGeo.Commons\prjGeo.Commons.csproj", "{16BE27B1-F82B-43D2-91D3-570E7078D2EA}"
EndProject
Project("{FAE04EC0-301F-11D3-BF4B-00C04F79EFBC}") = "prjGeo.BLL", "prjGeo.BLL\prjGeo.BLL.csproj", "{7E578C0F-7AB8-488E-894B-640CB55B1A4A}"
	ProjectSection(ProjectDependencies) = postProject
		{CAF9537E-138D-49F6-BA5A-C732978FB3DC} = {CAF9537E-138D-49F6-BA5A-C732978FB3DC}
	EndProjectSection
EndProject
Project("{FAE04EC0-301F-11D3-BF4B-00C04F79EFBC}") = "prjGeo.DAL", "prjGeo.DAL\prjGeo.DAL.csproj", "{CAF9537E-138D-49F6-BA5A-C732978FB3DC}"
	ProjectSection(ProjectDependencies) = postProject
		{E9CEEEB5-C241-4049-83CE-3B3E47CD5689} = {E9CEEEB5-C241-4049-83CE-3B3E47CD5689}
	EndProjectSection
EndProject
Project("{FAE04EC0-301F-11D3-BF4B-00C04F79EFBC}") = "prjGeo.Models", "prjGeo.Models\prjGeo.Models.csproj", "{E9CEEEB5-C241-4049-83CE-3B3E47CD5689}"
EndProject
Project("{2150E333-8FDC-42A3-9474-1A3956D46DE8}") = "Permission", "Permission", "{B718B0D0-D6B3-4267-89C2-F2C0CAC97679}"
EndProject
Project("{FAE04EC0-301F-11D3-BF4B-00C04F79EFBC}") = "Permission.BLL", "Permission.BLL\Permission.BLL.csproj", "{75F93A62-74C3-4CE1-9E44-636C1D95642E}"
EndProject
Project("{FAE04EC0-301F-11D3-BF4B-00C04F79EFBC}") = "Permission.Model", "Permission.Model\Permission.Model.csproj", "{AAE4AA7D-3610-4569-8739-CC2AD2633876}"
EndProject
Project("{FAE04EC0-301F-11D3-BF4B-00C04F79EFBC}") = "Permission.DAL", "Permission.DAL\Permission.DAL.csproj", "{F656EA00-E23A-45B5-9EF6-8C4CA828FD52}"
EndProject
Global
	GlobalSection(SolutionConfigurationPlatforms) = preSolution
		Debug|Any CPU = Debug|Any CPU
		Release|Any CPU = Release|Any CPU
	EndGlobalSection
	GlobalSection(ProjectConfigurationPlatforms) = postSolution
		{A42F8269-B63A-4835-88B2-A73DE2FBA777}.Debug|Any CPU.ActiveCfg = Debug|Any CPU
		{A42F8269-B63A-4835-88B2-A73DE2FBA777}.Debug|Any CPU.Build.0 = Debug|Any CPU
		{A42F8269-B63A-4835-88B2-A73DE2FBA777}.Release|Any CPU.ActiveCfg = Release|Any CPU
		{A42F8269-B63A-4835-88B2-A73DE2FBA777}.Release|Any CPU.Build.0 = Release|Any CPU
		{16BE27B1-F82B-43D2-91D3-570E7078D2EA}.Debug|Any CPU.ActiveCfg = Debug|Any CPU
		{16BE27B1-F82B-43D2-91D3-570E7078D2EA}.Debug|Any CPU.Build.0 = Debug|Any CPU
		{16BE27B1-F82B-43D2-91D3-570E7078D2EA}.Release|Any CPU.ActiveCfg = Release|Any CPU
		{16BE27B1-F82B-43D2-91D3-570E7078D2EA}.Release|Any CPU.Build.0 = Release|Any CPU
		{7E578C0F-7AB8-488E-894B-640CB55B1A4A}.Debug|Any CPU.ActiveCfg = Debug|Any CPU
		{7E578C0F-7AB8-488E-894B-640CB55B1A4A}.Debug|Any CPU.Build.0 = Debug|Any CPU
		{7E578C0F-7AB8-488E-894B-640CB55B1A4A}.Release|Any CPU.ActiveCfg = Release|Any CPU
		{7E578C0F-7AB8-488E-894B-640CB55B1A4A}.Release|Any CPU.Build.0 = Release|Any CPU
		{CAF9537E-138D-49F6-BA5A-C732978FB3DC}.Debug|Any CPU.ActiveCfg = Debug|Any CPU
		{CAF9537E-138D-49F6-BA5A-C732978FB3DC}.Debug|Any CPU.Build.0 = Debug|Any CPU
		{CAF9537E-138D-49F6-BA5A-C732978FB3DC}.Release|Any CPU.ActiveCfg = Release|Any CPU
		{CAF9537E-138D-49F6-BA5A-C732978FB3DC}.Release|Any CPU.Build.0 = Release|Any CPU
		{E9CEEEB5-C241-4049-83CE-3B3E47CD5689}.Debug|Any CPU.ActiveCfg = Debug|Any CPU
		{E9CEEEB5-C241-4049-83CE-3B3E47CD5689}.Debug|Any CPU.Build.0 = Debug|Any CPU
		{E9CEEEB5-C241-4049-83CE-3B3E47CD5689}.Release|Any CPU.ActiveCfg = Release|Any CPU
		{E9CEEEB5-C241-4049-83CE-3B3E47CD5689}.Release|Any CPU.Build.0 = Release|Any CPU
		{75F93A62-74C3-4CE1-9E44-636C1D95642E}.Debug|Any CPU.ActiveCfg = Debug|Any CPU
		{75F93A62-74C3-4CE1-9E44-636C1D95642E}.Debug|Any CPU.Build.0 = Debug|Any CPU
		{75F93A62-74C3-4CE1-9E44-636C1D95642E}.Release|Any CPU.ActiveCfg = Release|Any CPU
		{75F93A62-74C3-4CE1-9E44-636C1D95642E}.Release|Any CPU.Build.0 = Release|Any CPU
		{AAE4AA7D-3610-4569-8739-CC2AD2633876}.Debug|Any CPU.ActiveCfg = Debug|Any CPU
		{AAE4AA7D-3610-4569-8739-CC2AD2633876}.Debug|Any CPU.Build.0 = Debug|Any CPU
		{AAE4AA7D-3610-4569-8739-CC2AD2633876}.Release|Any CPU.ActiveCfg = Release|Any CPU
		{AAE4AA7D-3610-4569-8739-CC2AD2633876}.Release|Any CPU.Build.0 = Release|Any CPU
		{F656EA00-E23A-45B5-9EF6-8C4CA828FD52}.Debug|Any CPU.ActiveCfg = Debug|Any CPU
		{F656EA00-E23A-45B5-9EF6-8C4CA828FD52}.Debug|Any CPU.Build.0 = Debug|Any CPU
		{F656EA00-E23A-45B5-9EF6-8C4CA828FD52}.Release|Any CPU.ActiveCfg = Release|Any CPU
		{F656EA00-E23A-45B5-9EF6-8C4CA828FD52}.Release|Any CPU.Build.0 = Release|Any CPU
	EndGlobalSection
	GlobalSection(SolutionProperties) = preSolution
		HideSolutionNode = FALSE
	EndGlobalSection
	GlobalSection(NestedProjects) = preSolution
		{7E578C0F-7AB8-488E-894B-640CB55B1A4A} = {D1BD46F3-B1D3-416C-8C15-5E249A84C124}
		{CAF9537E-138D-49F6-BA5A-C732978FB3DC} = {7C65FE6B-D76B-48F8-AECA-753A59EB9249}
		{E9CEEEB5-C241-4049-83CE-3B3E47CD5689} = {4048661E-8D91-4423-8574-1A4245A1034E}
		{16BE27B1-F82B-43D2-91D3-570E7078D2EA} = {A2475851-7281-49A3-A3B5-942764F05DE4}
		{75F93A62-74C3-4CE1-9E44-636C1D95642E} = {B718B0D0-D6B3-4267-89C2-F2C0CAC97679}
		{AAE4AA7D-3610-4569-8739-CC2AD2633876} = {B718B0D0-D6B3-4267-89C2-F2C0CAC97679}
		{F656EA00-E23A-45B5-9EF6-8C4CA828FD52} = {B718B0D0-D6B3-4267-89C2-F2C0CAC97679}
	EndGlobalSection
EndGlobal
